// !$*UTF8*$!
{
	archiveVersion = 1;
	classes = {
	};
	objectVersion = 46;
	objects = {

/* Begin PBXBuildFile section */
		1183229F94438EAA042813FB /* Pods_WhooLiteUITests.framework in Frameworks */ = {isa = PBXBuildFile; fileRef = 3C633ACEA05E8F7D61B99F51 /* Pods_WhooLiteUITests.framework */; };
		1B5A3AC71D3E197F007ACC4B /* FrequentItem.swift in Sources */ = {isa = PBXBuildFile; fileRef = 1B5A3AC61D3E197F007ACC4B /* FrequentItem.swift */; };
		1BB3C06F1D7EEA3A0067088B /* ApiKeys.swift in Sources */ = {isa = PBXBuildFile; fileRef = 1BB3C06E1D7EEA3A0067088B /* ApiKeys.swift */; };
		7B0FB3AD1DC7B41C0090D45E /* HistoryTableViewCell.swift in Sources */ = {isa = PBXBuildFile; fileRef = 7B0FB3AC1DC7B41C0090D45E /* HistoryTableViewCell.swift */; };
		7B299F851D3B9C6B00D51FF1 /* Account.swift in Sources */ = {isa = PBXBuildFile; fileRef = 7B299F841D3B9C6B00D51FF1 /* Account.swift */; };
		7B299F871D3BB9B200D51FF1 /* WhooLiteTabBarItemBaseTableViewController.swift in Sources */ = {isa = PBXBuildFile; fileRef = 7B299F861D3BB9B200D51FF1 /* WhooLiteTabBarItemBaseTableViewController.swift */; };
		7B299F8B1D3BBEF300D51FF1 /* FrequentlyInputTableViewController.swift in Sources */ = {isa = PBXBuildFile; fileRef = 7B299F8A1D3BBEF300D51FF1 /* FrequentlyInputTableViewController.swift */; };
		7B299F8D1D3BD23D00D51FF1 /* Notifications.swift in Sources */ = {isa = PBXBuildFile; fileRef = 7B299F8C1D3BD23D00D51FF1 /* Notifications.swift */; };
		7B3164A31D3486E4009796E4 /* AppDelegate.swift in Sources */ = {isa = PBXBuildFile; fileRef = 7B3164A21D3486E4009796E4 /* AppDelegate.swift */; };
		7B3164A81D3486E4009796E4 /* Main.storyboard in Resources */ = {isa = PBXBuildFile; fileRef = 7B3164A61D3486E4009796E4 /* Main.storyboard */; };
		7B3164AA1D3486E4009796E4 /* Assets.xcassets in Resources */ = {isa = PBXBuildFile; fileRef = 7B3164A91D3486E4009796E4 /* Assets.xcassets */; };
		7B3164AD1D3486E4009796E4 /* LaunchScreen.storyboard in Resources */ = {isa = PBXBuildFile; fileRef = 7B3164AB1D3486E4009796E4 /* LaunchScreen.storyboard */; };
		7B3164B81D3486E4009796E4 /* WhooLiteTests.swift in Sources */ = {isa = PBXBuildFile; fileRef = 7B3164B71D3486E4009796E4 /* WhooLiteTests.swift */; };
		7B3164C31D3486E4009796E4 /* WhooLiteUITests.swift in Sources */ = {isa = PBXBuildFile; fileRef = 7B3164C21D3486E4009796E4 /* WhooLiteUITests.swift */; };
		7B3164D21D3785FE009796E4 /* PreferenceKeys.swift in Sources */ = {isa = PBXBuildFile; fileRef = 7B3164D11D3785FE009796E4 /* PreferenceKeys.swift */; };
		7B3164D41D378956009796E4 /* InfoPlist.strings in Resources */ = {isa = PBXBuildFile; fileRef = 7B3164D31D378956009796E4 /* InfoPlist.strings */; };
		7B3164D71D37F1C7009796E4 /* LoginViewController.swift in Sources */ = {isa = PBXBuildFile; fileRef = 7B3164D61D37F1C7009796E4 /* LoginViewController.swift */; };
		7B3164D91D37F569009796E4 /* WhooingKeyValues.swift in Sources */ = {isa = PBXBuildFile; fileRef = 7B3164D81D37F569009796E4 /* WhooingKeyValues.swift */; };
		7B3164EA1D38102A009796E4 /* WelcomeViewController.swift in Sources */ = {isa = PBXBuildFile; fileRef = 7B3164E91D38102A009796E4 /* WelcomeViewController.swift */; };
		7B3164EC1D388692009796E4 /* WhooLiteViewController.swift in Sources */ = {isa = PBXBuildFile; fileRef = 7B3164EB1D388692009796E4 /* WhooLiteViewController.swift */; };
		7B3164EE1D3888D5009796E4 /* ManualViewController.swift in Sources */ = {isa = PBXBuildFile; fileRef = 7B3164ED1D3888D5009796E4 /* ManualViewController.swift */; };
		7B3164F11D38A8F2009796E4 /* Section.swift in Sources */ = {isa = PBXBuildFile; fileRef = 7B3164F01D38A8F2009796E4 /* Section.swift */; };
		7B3164F41D38B193009796E4 /* NetworkUtility.swift in Sources */ = {isa = PBXBuildFile; fileRef = 7B3164F31D38B193009796E4 /* NetworkUtility.swift */; };
		7B3BF3D41DCA5076004E10C9 /* HistoryDetailViewController.swift in Sources */ = {isa = PBXBuildFile; fileRef = 7B3BF3D31DCA5076004E10C9 /* HistoryDetailViewController.swift */; };
		7B3BF3D61DCA52CE004E10C9 /* HistoryDetailTableViewController.swift in Sources */ = {isa = PBXBuildFile; fileRef = 7B3BF3D51DCA52CE004E10C9 /* HistoryDetailTableViewController.swift */; };
		7B465FF71D4906A0007888C5 /* SoundSearcher.swift in Sources */ = {isa = PBXBuildFile; fileRef = 7B465FF61D4906A0007888C5 /* SoundSearcher.swift */; };
		7B465FF91D4C6708007888C5 /* GoogleService-Info.plist in Resources */ = {isa = PBXBuildFile; fileRef = 7B465FF81D4C6708007888C5 /* GoogleService-Info.plist */; };
		7B465FFB1D4E0756007888C5 /* Entry.swift in Sources */ = {isa = PBXBuildFile; fileRef = 7B465FFA1D4E0756007888C5 /* Entry.swift */; };
		7B465FFD1D4E0CD0007888C5 /* DataUtility.swift in Sources */ = {isa = PBXBuildFile; fileRef = 7B465FFC1D4E0CD0007888C5 /* DataUtility.swift */; };
		7B46AFB31DCF7D7E00173413 /* DatePickerTableViewCell.swift in Sources */ = {isa = PBXBuildFile; fileRef = 7B46AFB21DCF7D7E00173413 /* DatePickerTableViewCell.swift */; };
		7B51F59B1D54BE3100670B04 /* TextFieldTableViewCell.swift in Sources */ = {isa = PBXBuildFile; fileRef = 7B51F59A1D54BE3100670B04 /* TextFieldTableViewCell.swift */; };
		7B51F59D1D54DE6A00670B04 /* DetailBaseTableViewController.swift in Sources */ = {isa = PBXBuildFile; fileRef = 7B51F59C1D54DE6A00670B04 /* DetailBaseTableViewController.swift */; };
		7B51F59F1D54DE8B00670B04 /* FrequentlyInputDetailTableViewController.swift in Sources */ = {isa = PBXBuildFile; fileRef = 7B51F59E1D54DE8B00670B04 /* FrequentlyInputDetailTableViewController.swift */; };
		7B51F5A11D5751A500670B04 /* SelectableTableViewCell.swift in Sources */ = {isa = PBXBuildFile; fileRef = 7B51F5A01D5751A500670B04 /* SelectableTableViewCell.swift */; };
		7B74B50C1D4248530003FBEF /* NoDataView.swift in Sources */ = {isa = PBXBuildFile; fileRef = 7B74B50B1D4248530003FBEF /* NoDataView.swift */; };
		7B74B50E1D4248660003FBEF /* NoDataView.xib in Resources */ = {isa = PBXBuildFile; fileRef = 7B74B50D1D4248660003FBEF /* NoDataView.xib */; };
		7B74B5111D44E30D0003FBEF /* FrequentlyInputTableViewCell.swift in Sources */ = {isa = PBXBuildFile; fileRef = 7B74B5101D44E30D0003FBEF /* FrequentlyInputTableViewCell.swift */; };
		7B74B5131D45113F0003FBEF /* InputBaseTableViewCell.swift in Sources */ = {isa = PBXBuildFile; fileRef = 7B74B5121D45113F0003FBEF /* InputBaseTableViewCell.swift */; };
		7B74B5151D452E740003FBEF /* SectionsTableViewController.swift in Sources */ = {isa = PBXBuildFile; fileRef = 7B74B5141D452E740003FBEF /* SectionsTableViewController.swift */; };
		7B75326C1D7B11F800ABB451 /* SelectSlotNumberTableViewController.swift in Sources */ = {isa = PBXBuildFile; fileRef = 7B75326B1D7B11F800ABB451 /* SelectSlotNumberTableViewController.swift */; };
		7B75326E1D7B296200ABB451 /* DetailBaseViewController.swift in Sources */ = {isa = PBXBuildFile; fileRef = 7B75326D1D7B296200ABB451 /* DetailBaseViewController.swift */; };
		7B7532701D7B4DC000ABB451 /* SelectAccountTableViewController.swift in Sources */ = {isa = PBXBuildFile; fileRef = 7B75326F1D7B4DC000ABB451 /* SelectAccountTableViewController.swift */; };
		7B7CB2D31DD86E66005228EF /* SettingsTableViewController.swift in Sources */ = {isa = PBXBuildFile; fileRef = 7B7CB2D21DD86E66005228EF /* SettingsTableViewController.swift */; };
		7B7CB2D51DD8D93F005228EF /* SelectShowSlotNumberTableViewController.swift in Sources */ = {isa = PBXBuildFile; fileRef = 7B7CB2D41DD8D93F005228EF /* SelectShowSlotNumberTableViewController.swift */; };
		7B7CB2D71DD8DD53005228EF /* SelectFrequentlyInputSortOrderTableViewController.swift in Sources */ = {isa = PBXBuildFile; fileRef = 7B7CB2D61DD8DD53005228EF /* SelectFrequentlyInputSortOrderTableViewController.swift */; };
		7B8A0D341DB37184009A9706 /* WhooLiteTabBarItemBaseViewController.swift in Sources */ = {isa = PBXBuildFile; fileRef = 7B8A0D331DB37184009A9706 /* WhooLiteTabBarItemBaseViewController.swift */; };
		7B8A0D361DBD2A47009A9706 /* BackgroundSearcher.swift in Sources */ = {isa = PBXBuildFile; fileRef = 7B8A0D351DBD2A47009A9706 /* BackgroundSearcher.swift */; };
		7BC55BF21D77433700828F61 /* WithAdmobViewController.swift in Sources */ = {isa = PBXBuildFile; fileRef = 7BC55BF11D77433700828F61 /* WithAdmobViewController.swift */; };
		7BC55BF41D7749EE00828F61 /* FrequentlyInputDetailViewController.swift in Sources */ = {isa = PBXBuildFile; fileRef = 7BC55BF31D7749EE00828F61 /* FrequentlyInputDetailViewController.swift */; };
		7BC55BF81D79E60000828F61 /* FrequentlyInputViewController.swift in Sources */ = {isa = PBXBuildFile; fileRef = 7BC55BF71D79E60000828F61 /* FrequentlyInputViewController.swift */; };
		7BCD93141D8BDDDA007ACC7D /* MemoTableViewCell.swift in Sources */ = {isa = PBXBuildFile; fileRef = 7BCD93131D8BDDDA007ACC7D /* MemoTableViewCell.swift */; };
		7BD84CD11DC3BAFC00645561 /* HistoryViewController.swift in Sources */ = {isa = PBXBuildFile; fileRef = 7BD84CD01DC3BAFC00645561 /* HistoryViewController.swift */; };
		7BD84CD31DC3BCDC00645561 /* HistoryTableViewController.swift in Sources */ = {isa = PBXBuildFile; fileRef = 7BD84CD21DC3BCDC00645561 /* HistoryTableViewController.swift */; };
		8D6535CF16FFF66E2EE5DA81 /* Pods_WhooLite.framework in Frameworks */ = {isa = PBXBuildFile; fileRef = 3072CEC3A6F7D399D5614488 /* Pods_WhooLite.framework */; };
		AADE68FD96746BC5D7A186DA /* Pods_WhooLiteTests.framework in Frameworks */ = {isa = PBXBuildFile; fileRef = 7D23516D74EB0FC0CD819F38 /* Pods_WhooLiteTests.framework */; };
/* End PBXBuildFile section */

/* Begin PBXContainerItemProxy section */
		7B3164B41D3486E4009796E4 /* PBXContainerItemProxy */ = {
			isa = PBXContainerItemProxy;
			containerPortal = 7B3164971D3486E3009796E4 /* Project object */;
			proxyType = 1;
			remoteGlobalIDString = 7B31649E1D3486E3009796E4;
			remoteInfo = WhooLite;
		};
		7B3164BF1D3486E4009796E4 /* PBXContainerItemProxy */ = {
			isa = PBXContainerItemProxy;
			containerPortal = 7B3164971D3486E3009796E4 /* Project object */;
			proxyType = 1;
			remoteGlobalIDString = 7B31649E1D3486E3009796E4;
			remoteInfo = WhooLite;
		};
/* End PBXContainerItemProxy section */

/* Begin PBXFileReference section */
		17D81DFAA2C8F32B6DB344F9 /* Pods-WhooLite.debug.xcconfig */ = {isa = PBXFileReference; includeInIndex = 1; lastKnownFileType = text.xcconfig; name = "Pods-WhooLite.debug.xcconfig"; path = "Pods/Target Support Files/Pods-WhooLite/Pods-WhooLite.debug.xcconfig"; sourceTree = "<group>"; };
		1B5A3AC61D3E197F007ACC4B /* FrequentItem.swift */ = {isa = PBXFileReference; fileEncoding = 4; lastKnownFileType = sourcecode.swift; path = FrequentItem.swift; sourceTree = "<group>"; };
		1BB3C06E1D7EEA3A0067088B /* ApiKeys.swift */ = {isa = PBXFileReference; fileEncoding = 4; lastKnownFileType = sourcecode.swift; path = ApiKeys.swift; sourceTree = "<group>"; };
		3072CEC3A6F7D399D5614488 /* Pods_WhooLite.framework */ = {isa = PBXFileReference; explicitFileType = wrapper.framework; includeInIndex = 0; path = Pods_WhooLite.framework; sourceTree = BUILT_PRODUCTS_DIR; };
		3C633ACEA05E8F7D61B99F51 /* Pods_WhooLiteUITests.framework */ = {isa = PBXFileReference; explicitFileType = wrapper.framework; includeInIndex = 0; path = Pods_WhooLiteUITests.framework; sourceTree = BUILT_PRODUCTS_DIR; };
		72B04AC8B4E2374A355EE0C1 /* Pods-WhooLiteTests.debug.xcconfig */ = {isa = PBXFileReference; includeInIndex = 1; lastKnownFileType = text.xcconfig; name = "Pods-WhooLiteTests.debug.xcconfig"; path = "Pods/Target Support Files/Pods-WhooLiteTests/Pods-WhooLiteTests.debug.xcconfig"; sourceTree = "<group>"; };
		76CE915F0C4E4F21381BE170 /* Pods-WhooLiteUITests.debug.xcconfig */ = {isa = PBXFileReference; includeInIndex = 1; lastKnownFileType = text.xcconfig; name = "Pods-WhooLiteUITests.debug.xcconfig"; path = "Pods/Target Support Files/Pods-WhooLiteUITests/Pods-WhooLiteUITests.debug.xcconfig"; sourceTree = "<group>"; };
		7B0FB3AC1DC7B41C0090D45E /* HistoryTableViewCell.swift */ = {isa = PBXFileReference; fileEncoding = 4; lastKnownFileType = sourcecode.swift; path = HistoryTableViewCell.swift; sourceTree = "<group>"; };
		7B299F841D3B9C6B00D51FF1 /* Account.swift */ = {isa = PBXFileReference; fileEncoding = 4; lastKnownFileType = sourcecode.swift; path = Account.swift; sourceTree = "<group>"; };
		7B299F861D3BB9B200D51FF1 /* WhooLiteTabBarItemBaseTableViewController.swift */ = {isa = PBXFileReference; fileEncoding = 4; lastKnownFileType = sourcecode.swift; path = WhooLiteTabBarItemBaseTableViewController.swift; sourceTree = "<group>"; };
		7B299F8A1D3BBEF300D51FF1 /* FrequentlyInputTableViewController.swift */ = {isa = PBXFileReference; fileEncoding = 4; lastKnownFileType = sourcecode.swift; path = FrequentlyInputTableViewController.swift; sourceTree = "<group>"; };
		7B299F8C1D3BD23D00D51FF1 /* Notifications.swift */ = {isa = PBXFileReference; fileEncoding = 4; lastKnownFileType = sourcecode.swift; path = Notifications.swift; sourceTree = "<group>"; };
		7B31649F1D3486E3009796E4 /* WhooLite.app */ = {isa = PBXFileReference; explicitFileType = wrapper.application; includeInIndex = 0; path = WhooLite.app; sourceTree = BUILT_PRODUCTS_DIR; };
		7B3164A21D3486E4009796E4 /* AppDelegate.swift */ = {isa = PBXFileReference; lastKnownFileType = sourcecode.swift; path = AppDelegate.swift; sourceTree = "<group>"; };
		7B3164A71D3486E4009796E4 /* Base */ = {isa = PBXFileReference; lastKnownFileType = file.storyboard; name = Base; path = Base.lproj/Main.storyboard; sourceTree = "<group>"; };
		7B3164A91D3486E4009796E4 /* Assets.xcassets */ = {isa = PBXFileReference; lastKnownFileType = folder.assetcatalog; path = Assets.xcassets; sourceTree = "<group>"; };
		7B3164AC1D3486E4009796E4 /* Base */ = {isa = PBXFileReference; lastKnownFileType = file.storyboard; name = Base; path = Base.lproj/LaunchScreen.storyboard; sourceTree = "<group>"; };
		7B3164AE1D3486E4009796E4 /* Info.plist */ = {isa = PBXFileReference; lastKnownFileType = text.plist.xml; path = Info.plist; sourceTree = "<group>"; };
		7B3164B31D3486E4009796E4 /* WhooLiteTests.xctest */ = {isa = PBXFileReference; explicitFileType = wrapper.cfbundle; includeInIndex = 0; path = WhooLiteTests.xctest; sourceTree = BUILT_PRODUCTS_DIR; };
		7B3164B71D3486E4009796E4 /* WhooLiteTests.swift */ = {isa = PBXFileReference; lastKnownFileType = sourcecode.swift; path = WhooLiteTests.swift; sourceTree = "<group>"; };
		7B3164B91D3486E4009796E4 /* Info.plist */ = {isa = PBXFileReference; lastKnownFileType = text.plist.xml; path = Info.plist; sourceTree = "<group>"; };
		7B3164BE1D3486E4009796E4 /* WhooLiteUITests.xctest */ = {isa = PBXFileReference; explicitFileType = wrapper.cfbundle; includeInIndex = 0; path = WhooLiteUITests.xctest; sourceTree = BUILT_PRODUCTS_DIR; };
		7B3164C21D3486E4009796E4 /* WhooLiteUITests.swift */ = {isa = PBXFileReference; lastKnownFileType = sourcecode.swift; path = WhooLiteUITests.swift; sourceTree = "<group>"; };
		7B3164C41D3486E4009796E4 /* Info.plist */ = {isa = PBXFileReference; lastKnownFileType = text.plist.xml; path = Info.plist; sourceTree = "<group>"; };
		7B3164D11D3785FE009796E4 /* PreferenceKeys.swift */ = {isa = PBXFileReference; fileEncoding = 4; lastKnownFileType = sourcecode.swift; path = PreferenceKeys.swift; sourceTree = "<group>"; };
		7B3164D31D378956009796E4 /* InfoPlist.strings */ = {isa = PBXFileReference; fileEncoding = 4; lastKnownFileType = text.plist.strings; path = InfoPlist.strings; sourceTree = "<group>"; };
		7B3164D61D37F1C7009796E4 /* LoginViewController.swift */ = {isa = PBXFileReference; fileEncoding = 4; lastKnownFileType = sourcecode.swift; path = LoginViewController.swift; sourceTree = "<group>"; };
		7B3164D81D37F569009796E4 /* WhooingKeyValues.swift */ = {isa = PBXFileReference; fileEncoding = 4; lastKnownFileType = sourcecode.swift; path = WhooingKeyValues.swift; sourceTree = "<group>"; };
		7B3164E31D380BD3009796E4 /* WhooLite-Bridging-Header.h */ = {isa = PBXFileReference; lastKnownFileType = sourcecode.c.h; path = "WhooLite-Bridging-Header.h"; sourceTree = "<group>"; };
		7B3164E91D38102A009796E4 /* WelcomeViewController.swift */ = {isa = PBXFileReference; fileEncoding = 4; lastKnownFileType = sourcecode.swift; path = WelcomeViewController.swift; sourceTree = "<group>"; };
		7B3164EB1D388692009796E4 /* WhooLiteViewController.swift */ = {isa = PBXFileReference; fileEncoding = 4; lastKnownFileType = sourcecode.swift; path = WhooLiteViewController.swift; sourceTree = "<group>"; };
		7B3164ED1D3888D5009796E4 /* ManualViewController.swift */ = {isa = PBXFileReference; fileEncoding = 4; lastKnownFileType = sourcecode.swift; path = ManualViewController.swift; sourceTree = "<group>"; };
		7B3164F01D38A8F2009796E4 /* Section.swift */ = {isa = PBXFileReference; fileEncoding = 4; lastKnownFileType = sourcecode.swift; path = Section.swift; sourceTree = "<group>"; };
		7B3164F31D38B193009796E4 /* NetworkUtility.swift */ = {isa = PBXFileReference; fileEncoding = 4; lastKnownFileType = sourcecode.swift; path = NetworkUtility.swift; sourceTree = "<group>"; };
		7B3BF3D31DCA5076004E10C9 /* HistoryDetailViewController.swift */ = {isa = PBXFileReference; fileEncoding = 4; lastKnownFileType = sourcecode.swift; path = HistoryDetailViewController.swift; sourceTree = "<group>"; };
		7B3BF3D51DCA52CE004E10C9 /* HistoryDetailTableViewController.swift */ = {isa = PBXFileReference; fileEncoding = 4; lastKnownFileType = sourcecode.swift; path = HistoryDetailTableViewController.swift; sourceTree = "<group>"; };
		7B465FF61D4906A0007888C5 /* SoundSearcher.swift */ = {isa = PBXFileReference; fileEncoding = 4; lastKnownFileType = sourcecode.swift; path = SoundSearcher.swift; sourceTree = "<group>"; };
		7B465FF81D4C6708007888C5 /* GoogleService-Info.plist */ = {isa = PBXFileReference; fileEncoding = 4; lastKnownFileType = text.plist.xml; path = "GoogleService-Info.plist"; sourceTree = "<group>"; };
		7B465FFA1D4E0756007888C5 /* Entry.swift */ = {isa = PBXFileReference; fileEncoding = 4; lastKnownFileType = sourcecode.swift; path = Entry.swift; sourceTree = "<group>"; };
		7B465FFC1D4E0CD0007888C5 /* DataUtility.swift */ = {isa = PBXFileReference; fileEncoding = 4; lastKnownFileType = sourcecode.swift; path = DataUtility.swift; sourceTree = "<group>"; };
		7B46AFB21DCF7D7E00173413 /* DatePickerTableViewCell.swift */ = {isa = PBXFileReference; fileEncoding = 4; lastKnownFileType = sourcecode.swift; path = DatePickerTableViewCell.swift; sourceTree = "<group>"; };
		7B51F59A1D54BE3100670B04 /* TextFieldTableViewCell.swift */ = {isa = PBXFileReference; fileEncoding = 4; lastKnownFileType = sourcecode.swift; path = TextFieldTableViewCell.swift; sourceTree = "<group>"; };
		7B51F59C1D54DE6A00670B04 /* DetailBaseTableViewController.swift */ = {isa = PBXFileReference; fileEncoding = 4; lastKnownFileType = sourcecode.swift; path = DetailBaseTableViewController.swift; sourceTree = "<group>"; };
		7B51F59E1D54DE8B00670B04 /* FrequentlyInputDetailTableViewController.swift */ = {isa = PBXFileReference; fileEncoding = 4; lastKnownFileType = sourcecode.swift; path = FrequentlyInputDetailTableViewController.swift; sourceTree = "<group>"; };
		7B51F5A01D5751A500670B04 /* SelectableTableViewCell.swift */ = {isa = PBXFileReference; fileEncoding = 4; lastKnownFileType = sourcecode.swift; path = SelectableTableViewCell.swift; sourceTree = "<group>"; };
		7B74B50B1D4248530003FBEF /* NoDataView.swift */ = {isa = PBXFileReference; fileEncoding = 4; lastKnownFileType = sourcecode.swift; path = NoDataView.swift; sourceTree = "<group>"; };
		7B74B50D1D4248660003FBEF /* NoDataView.xib */ = {isa = PBXFileReference; fileEncoding = 4; lastKnownFileType = file.xib; path = NoDataView.xib; sourceTree = "<group>"; };
		7B74B5101D44E30D0003FBEF /* FrequentlyInputTableViewCell.swift */ = {isa = PBXFileReference; fileEncoding = 4; lastKnownFileType = sourcecode.swift; path = FrequentlyInputTableViewCell.swift; sourceTree = "<group>"; };
		7B74B5121D45113F0003FBEF /* InputBaseTableViewCell.swift */ = {isa = PBXFileReference; fileEncoding = 4; lastKnownFileType = sourcecode.swift; path = InputBaseTableViewCell.swift; sourceTree = "<group>"; };
		7B74B5141D452E740003FBEF /* SectionsTableViewController.swift */ = {isa = PBXFileReference; fileEncoding = 4; lastKnownFileType = sourcecode.swift; path = SectionsTableViewController.swift; sourceTree = "<group>"; };
		7B75326B1D7B11F800ABB451 /* SelectSlotNumberTableViewController.swift */ = {isa = PBXFileReference; fileEncoding = 4; lastKnownFileType = sourcecode.swift; path = SelectSlotNumberTableViewController.swift; sourceTree = "<group>"; };
		7B75326D1D7B296200ABB451 /* DetailBaseViewController.swift */ = {isa = PBXFileReference; fileEncoding = 4; lastKnownFileType = sourcecode.swift; path = DetailBaseViewController.swift; sourceTree = "<group>"; };
		7B75326F1D7B4DC000ABB451 /* SelectAccountTableViewController.swift */ = {isa = PBXFileReference; fileEncoding = 4; lastKnownFileType = sourcecode.swift; path = SelectAccountTableViewController.swift; sourceTree = "<group>"; };
		7B7CB2D21DD86E66005228EF /* SettingsTableViewController.swift */ = {isa = PBXFileReference; fileEncoding = 4; lastKnownFileType = sourcecode.swift; path = SettingsTableViewController.swift; sourceTree = "<group>"; };
		7B7CB2D41DD8D93F005228EF /* SelectShowSlotNumberTableViewController.swift */ = {isa = PBXFileReference; fileEncoding = 4; lastKnownFileType = sourcecode.swift; path = SelectShowSlotNumberTableViewController.swift; sourceTree = "<group>"; };
		7B7CB2D61DD8DD53005228EF /* SelectFrequentlyInputSortOrderTableViewController.swift */ = {isa = PBXFileReference; fileEncoding = 4; lastKnownFileType = sourcecode.swift; path = SelectFrequentlyInputSortOrderTableViewController.swift; sourceTree = "<group>"; };
		7B8A0D331DB37184009A9706 /* WhooLiteTabBarItemBaseViewController.swift */ = {isa = PBXFileReference; fileEncoding = 4; lastKnownFileType = sourcecode.swift; path = WhooLiteTabBarItemBaseViewController.swift; sourceTree = "<group>"; };
		7B8A0D351DBD2A47009A9706 /* BackgroundSearcher.swift */ = {isa = PBXFileReference; fileEncoding = 4; lastKnownFileType = sourcecode.swift; path = BackgroundSearcher.swift; sourceTree = "<group>"; };
		7BC55BF11D77433700828F61 /* WithAdmobViewController.swift */ = {isa = PBXFileReference; fileEncoding = 4; lastKnownFileType = sourcecode.swift; path = WithAdmobViewController.swift; sourceTree = "<group>"; };
		7BC55BF31D7749EE00828F61 /* FrequentlyInputDetailViewController.swift */ = {isa = PBXFileReference; fileEncoding = 4; lastKnownFileType = sourcecode.swift; path = FrequentlyInputDetailViewController.swift; sourceTree = "<group>"; };
		7BC55BF71D79E60000828F61 /* FrequentlyInputViewController.swift */ = {isa = PBXFileReference; fileEncoding = 4; lastKnownFileType = sourcecode.swift; path = FrequentlyInputViewController.swift; sourceTree = "<group>"; };
		7BCD93131D8BDDDA007ACC7D /* MemoTableViewCell.swift */ = {isa = PBXFileReference; fileEncoding = 4; lastKnownFileType = sourcecode.swift; path = MemoTableViewCell.swift; sourceTree = "<group>"; };
		7BD84CD01DC3BAFC00645561 /* HistoryViewController.swift */ = {isa = PBXFileReference; fileEncoding = 4; lastKnownFileType = sourcecode.swift; path = HistoryViewController.swift; sourceTree = "<group>"; };
		7BD84CD21DC3BCDC00645561 /* HistoryTableViewController.swift */ = {isa = PBXFileReference; fileEncoding = 4; lastKnownFileType = sourcecode.swift; path = HistoryTableViewController.swift; sourceTree = "<group>"; };
		7D23516D74EB0FC0CD819F38 /* Pods_WhooLiteTests.framework */ = {isa = PBXFileReference; explicitFileType = wrapper.framework; includeInIndex = 0; path = Pods_WhooLiteTests.framework; sourceTree = BUILT_PRODUCTS_DIR; };
		B44115AF61DEA10AE1AE255F /* Pods-WhooLiteUITests.release.xcconfig */ = {isa = PBXFileReference; includeInIndex = 1; lastKnownFileType = text.xcconfig; name = "Pods-WhooLiteUITests.release.xcconfig"; path = "Pods/Target Support Files/Pods-WhooLiteUITests/Pods-WhooLiteUITests.release.xcconfig"; sourceTree = "<group>"; };
		F7FA6F189419308CE60DF987 /* Pods-WhooLite.release.xcconfig */ = {isa = PBXFileReference; includeInIndex = 1; lastKnownFileType = text.xcconfig; name = "Pods-WhooLite.release.xcconfig"; path = "Pods/Target Support Files/Pods-WhooLite/Pods-WhooLite.release.xcconfig"; sourceTree = "<group>"; };
		FCF1AB8BA559B1ACC630B4F9 /* Pods-WhooLiteTests.release.xcconfig */ = {isa = PBXFileReference; includeInIndex = 1; lastKnownFileType = text.xcconfig; name = "Pods-WhooLiteTests.release.xcconfig"; path = "Pods/Target Support Files/Pods-WhooLiteTests/Pods-WhooLiteTests.release.xcconfig"; sourceTree = "<group>"; };
/* End PBXFileReference section */

/* Begin PBXFrameworksBuildPhase section */
		7B31649C1D3486E3009796E4 /* Frameworks */ = {
			isa = PBXFrameworksBuildPhase;
			buildActionMask = 2147483647;
			files = (
				8D6535CF16FFF66E2EE5DA81 /* Pods_WhooLite.framework in Frameworks */,
			);
			runOnlyForDeploymentPostprocessing = 0;
		};
		7B3164B01D3486E4009796E4 /* Frameworks */ = {
			isa = PBXFrameworksBuildPhase;
			buildActionMask = 2147483647;
			files = (
				AADE68FD96746BC5D7A186DA /* Pods_WhooLiteTests.framework in Frameworks */,
			);
			runOnlyForDeploymentPostprocessing = 0;
		};
		7B3164BB1D3486E4009796E4 /* Frameworks */ = {
			isa = PBXFrameworksBuildPhase;
			buildActionMask = 2147483647;
			files = (
				1183229F94438EAA042813FB /* Pods_WhooLiteUITests.framework in Frameworks */,
			);
			runOnlyForDeploymentPostprocessing = 0;
		};
/* End PBXFrameworksBuildPhase section */

/* Begin PBXGroup section */
		77D018431DF482AE38E3BBD8 /* Pods */ = {
			isa = PBXGroup;
			children = (
				17D81DFAA2C8F32B6DB344F9 /* Pods-WhooLite.debug.xcconfig */,
				F7FA6F189419308CE60DF987 /* Pods-WhooLite.release.xcconfig */,
				72B04AC8B4E2374A355EE0C1 /* Pods-WhooLiteTests.debug.xcconfig */,
				FCF1AB8BA559B1ACC630B4F9 /* Pods-WhooLiteTests.release.xcconfig */,
				76CE915F0C4E4F21381BE170 /* Pods-WhooLiteUITests.debug.xcconfig */,
				B44115AF61DEA10AE1AE255F /* Pods-WhooLiteUITests.release.xcconfig */,
			);
			name = Pods;
			sourceTree = "<group>";
		};
		7B3164961D3486E3009796E4 = {
			isa = PBXGroup;
			children = (
				7B3164A11D3486E4009796E4 /* WhooLite */,
				7B3164B61D3486E4009796E4 /* WhooLiteTests */,
				7B3164C11D3486E4009796E4 /* WhooLiteUITests */,
				7B3164A01D3486E3009796E4 /* Products */,
				77D018431DF482AE38E3BBD8 /* Pods */,
				8C8ECD095637F631F43D6931 /* Frameworks */,
			);
			sourceTree = "<group>";
		};
		7B3164A01D3486E3009796E4 /* Products */ = {
			isa = PBXGroup;
			children = (
				7B31649F1D3486E3009796E4 /* WhooLite.app */,
				7B3164B31D3486E4009796E4 /* WhooLiteTests.xctest */,
				7B3164BE1D3486E4009796E4 /* WhooLiteUITests.xctest */,
			);
			name = Products;
			sourceTree = "<group>";
		};
		7B3164A11D3486E4009796E4 /* WhooLite */ = {
			isa = PBXGroup;
			children = (
				7B74B50F1D44E2880003FBEF /* TableViewCells */,
				7B74B50A1D42482D0003FBEF /* Views */,
				7B3164F21D38B16F009796E4 /* Utility */,
				7B3164EF1D38A8CC009796E4 /* RealmObjects */,
				7B3164D51D378A2F009796E4 /* ViewControllers */,
				7B3164D01D3785CC009796E4 /* Constants */,
				7B3164A21D3486E4009796E4 /* AppDelegate.swift */,
				7B3164A61D3486E4009796E4 /* Main.storyboard */,
				7B3164A91D3486E4009796E4 /* Assets.xcassets */,
				7B3164AB1D3486E4009796E4 /* LaunchScreen.storyboard */,
				7B3164AE1D3486E4009796E4 /* Info.plist */,
				7B3164D31D378956009796E4 /* InfoPlist.strings */,
				7B3164E31D380BD3009796E4 /* WhooLite-Bridging-Header.h */,
				7B465FF81D4C6708007888C5 /* GoogleService-Info.plist */,
			);
			path = WhooLite;
			sourceTree = "<group>";
		};
		7B3164B61D3486E4009796E4 /* WhooLiteTests */ = {
			isa = PBXGroup;
			children = (
				7B3164B71D3486E4009796E4 /* WhooLiteTests.swift */,
				7B3164B91D3486E4009796E4 /* Info.plist */,
			);
			path = WhooLiteTests;
			sourceTree = "<group>";
		};
		7B3164C11D3486E4009796E4 /* WhooLiteUITests */ = {
			isa = PBXGroup;
			children = (
				7B3164C21D3486E4009796E4 /* WhooLiteUITests.swift */,
				7B3164C41D3486E4009796E4 /* Info.plist */,
			);
			path = WhooLiteUITests;
			sourceTree = "<group>";
		};
		7B3164D01D3785CC009796E4 /* Constants */ = {
			isa = PBXGroup;
			children = (
				7B3164D11D3785FE009796E4 /* PreferenceKeys.swift */,
				7B3164D81D37F569009796E4 /* WhooingKeyValues.swift */,
				7B299F8C1D3BD23D00D51FF1 /* Notifications.swift */,
				1BB3C06E1D7EEA3A0067088B /* ApiKeys.swift */,
			);
			path = Constants;
			sourceTree = "<group>";
		};
		7B3164D51D378A2F009796E4 /* ViewControllers */ = {
			isa = PBXGroup;
			children = (
				7B3164D61D37F1C7009796E4 /* LoginViewController.swift */,
				7B3164E91D38102A009796E4 /* WelcomeViewController.swift */,
				7B3164EB1D388692009796E4 /* WhooLiteViewController.swift */,
				7B3164ED1D3888D5009796E4 /* ManualViewController.swift */,
				7BC55BF11D77433700828F61 /* WithAdmobViewController.swift */,
				7B8A0D331DB37184009A9706 /* WhooLiteTabBarItemBaseViewController.swift */,
				7B299F861D3BB9B200D51FF1 /* WhooLiteTabBarItemBaseTableViewController.swift */,
				7BC55BF71D79E60000828F61 /* FrequentlyInputViewController.swift */,
				7B299F8A1D3BBEF300D51FF1 /* FrequentlyInputTableViewController.swift */,
				7B74B5141D452E740003FBEF /* SectionsTableViewController.swift */,
				7B75326D1D7B296200ABB451 /* DetailBaseViewController.swift */,
				7B51F59C1D54DE6A00670B04 /* DetailBaseTableViewController.swift */,
				7BC55BF31D7749EE00828F61 /* FrequentlyInputDetailViewController.swift */,
				7B51F59E1D54DE8B00670B04 /* FrequentlyInputDetailTableViewController.swift */,
				7B75326B1D7B11F800ABB451 /* SelectSlotNumberTableViewController.swift */,
				7B75326F1D7B4DC000ABB451 /* SelectAccountTableViewController.swift */,
				7BD84CD01DC3BAFC00645561 /* HistoryViewController.swift */,
				7BD84CD21DC3BCDC00645561 /* HistoryTableViewController.swift */,
				7B3BF3D31DCA5076004E10C9 /* HistoryDetailViewController.swift */,
				7B3BF3D51DCA52CE004E10C9 /* HistoryDetailTableViewController.swift */,
				7B7CB2D21DD86E66005228EF /* SettingsTableViewController.swift */,
				7B7CB2D41DD8D93F005228EF /* SelectShowSlotNumberTableViewController.swift */,
				7B7CB2D61DD8DD53005228EF /* SelectFrequentlyInputSortOrderTableViewController.swift */,
			);
			path = ViewControllers;
			sourceTree = "<group>";
		};
		7B3164EF1D38A8CC009796E4 /* RealmObjects */ = {
			isa = PBXGroup;
			children = (
				7B3164F01D38A8F2009796E4 /* Section.swift */,
				7B299F841D3B9C6B00D51FF1 /* Account.swift */,
				1B5A3AC61D3E197F007ACC4B /* FrequentItem.swift */,
				7B465FFA1D4E0756007888C5 /* Entry.swift */,
			);
			path = RealmObjects;
			sourceTree = "<group>";
		};
		7B3164F21D38B16F009796E4 /* Utility */ = {
			isa = PBXGroup;
			children = (
				7B3164F31D38B193009796E4 /* NetworkUtility.swift */,
				7B465FF61D4906A0007888C5 /* SoundSearcher.swift */,
				7B465FFC1D4E0CD0007888C5 /* DataUtility.swift */,
				7B8A0D351DBD2A47009A9706 /* BackgroundSearcher.swift */,
			);
			path = Utility;
			sourceTree = "<group>";
		};
		7B74B50A1D42482D0003FBEF /* Views */ = {
			isa = PBXGroup;
			children = (
				7B74B50B1D4248530003FBEF /* NoDataView.swift */,
				7B74B50D1D4248660003FBEF /* NoDataView.xib */,
			);
			path = Views;
			sourceTree = "<group>";
		};
		7B74B50F1D44E2880003FBEF /* TableViewCells */ = {
			isa = PBXGroup;
			children = (
				7B74B5101D44E30D0003FBEF /* FrequentlyInputTableViewCell.swift */,
				7B74B5121D45113F0003FBEF /* InputBaseTableViewCell.swift */,
				7B51F59A1D54BE3100670B04 /* TextFieldTableViewCell.swift */,
				7B51F5A01D5751A500670B04 /* SelectableTableViewCell.swift */,
				7BCD93131D8BDDDA007ACC7D /* MemoTableViewCell.swift */,
				7B0FB3AC1DC7B41C0090D45E /* HistoryTableViewCell.swift */,
				7B46AFB21DCF7D7E00173413 /* DatePickerTableViewCell.swift */,
			);
			path = TableViewCells;
			sourceTree = "<group>";
		};
		8C8ECD095637F631F43D6931 /* Frameworks */ = {
			isa = PBXGroup;
			children = (
				3072CEC3A6F7D399D5614488 /* Pods_WhooLite.framework */,
				7D23516D74EB0FC0CD819F38 /* Pods_WhooLiteTests.framework */,
				3C633ACEA05E8F7D61B99F51 /* Pods_WhooLiteUITests.framework */,
			);
			name = Frameworks;
			sourceTree = "<group>";
		};
/* End PBXGroup section */

/* Begin PBXNativeTarget section */
		7B31649E1D3486E3009796E4 /* WhooLite */ = {
			isa = PBXNativeTarget;
			buildConfigurationList = 7B3164C71D3486E4009796E4 /* Build configuration list for PBXNativeTarget "WhooLite" */;
			buildPhases = (
				DDA4920D5CEEF1AB0A0E76B5 /* [CP] Check Pods Manifest.lock */,
				7B31649B1D3486E3009796E4 /* Sources */,
				7B31649C1D3486E3009796E4 /* Frameworks */,
				7B31649D1D3486E3009796E4 /* Resources */,
				75DBE55391961C66E38A1822 /* [CP] Embed Pods Frameworks */,
				C7D41430757575538372F36A /* [CP] Copy Pods Resources */,
			);
			buildRules = (
			);
			dependencies = (
			);
			name = WhooLite;
			productName = WhooLite;
			productReference = 7B31649F1D3486E3009796E4 /* WhooLite.app */;
			productType = "com.apple.product-type.application";
		};
		7B3164B21D3486E4009796E4 /* WhooLiteTests */ = {
			isa = PBXNativeTarget;
			buildConfigurationList = 7B3164CA1D3486E4009796E4 /* Build configuration list for PBXNativeTarget "WhooLiteTests" */;
			buildPhases = (
				63B3064783C360EEA584C333 /* [CP] Check Pods Manifest.lock */,
				7B3164AF1D3486E4009796E4 /* Sources */,
				7B3164B01D3486E4009796E4 /* Frameworks */,
				7B3164B11D3486E4009796E4 /* Resources */,
				D0AEE2A5DDC164FC6665CFCD /* [CP] Embed Pods Frameworks */,
				6622FC1E4FEF54233EB707E3 /* [CP] Copy Pods Resources */,
			);
			buildRules = (
			);
			dependencies = (
				7B3164B51D3486E4009796E4 /* PBXTargetDependency */,
			);
			name = WhooLiteTests;
			productName = WhooLiteTests;
			productReference = 7B3164B31D3486E4009796E4 /* WhooLiteTests.xctest */;
			productType = "com.apple.product-type.bundle.unit-test";
		};
		7B3164BD1D3486E4009796E4 /* WhooLiteUITests */ = {
			isa = PBXNativeTarget;
			buildConfigurationList = 7B3164CD1D3486E4009796E4 /* Build configuration list for PBXNativeTarget "WhooLiteUITests" */;
			buildPhases = (
				74E265BD23DC3D93D503E661 /* [CP] Check Pods Manifest.lock */,
				7B3164BA1D3486E4009796E4 /* Sources */,
				7B3164BB1D3486E4009796E4 /* Frameworks */,
				7B3164BC1D3486E4009796E4 /* Resources */,
				3F553C0C1503A988887E87FB /* [CP] Copy Pods Resources */,
				7C16469371BFD4B18A80F7CD /* [CP] Embed Pods Frameworks */,
			);
			buildRules = (
			);
			dependencies = (
				7B3164C01D3486E4009796E4 /* PBXTargetDependency */,
			);
			name = WhooLiteUITests;
			productName = WhooLiteUITests;
			productReference = 7B3164BE1D3486E4009796E4 /* WhooLiteUITests.xctest */;
			productType = "com.apple.product-type.bundle.ui-testing";
		};
/* End PBXNativeTarget section */

/* Begin PBXProject section */
		7B3164971D3486E3009796E4 /* Project object */ = {
			isa = PBXProject;
			attributes = {
				LastSwiftUpdateCheck = 0730;
				LastUpgradeCheck = 0810;
				ORGANIZATIONNAME = "영건닷컴";
				TargetAttributes = {
					7B31649E1D3486E3009796E4 = {
						CreatedOnToolsVersion = 7.3.1;
						LastSwiftMigration = 0800;
					};
					7B3164B21D3486E4009796E4 = {
						CreatedOnToolsVersion = 7.3.1;
						LastSwiftMigration = 0800;
						TestTargetID = 7B31649E1D3486E3009796E4;
					};
					7B3164BD1D3486E4009796E4 = {
						CreatedOnToolsVersion = 7.3.1;
						LastSwiftMigration = 0800;
						TestTargetID = 7B31649E1D3486E3009796E4;
					};
				};
			};
			buildConfigurationList = 7B31649A1D3486E3009796E4 /* Build configuration list for PBXProject "WhooLite" */;
			compatibilityVersion = "Xcode 3.2";
			developmentRegion = English;
			hasScannedForEncodings = 0;
			knownRegions = (
				en,
				Base,
			);
			mainGroup = 7B3164961D3486E3009796E4;
			productRefGroup = 7B3164A01D3486E3009796E4 /* Products */;
			projectDirPath = "";
			projectRoot = "";
			targets = (
				7B31649E1D3486E3009796E4 /* WhooLite */,
				7B3164B21D3486E4009796E4 /* WhooLiteTests */,
				7B3164BD1D3486E4009796E4 /* WhooLiteUITests */,
			);
		};
/* End PBXProject section */

/* Begin PBXResourcesBuildPhase section */
		7B31649D1D3486E3009796E4 /* Resources */ = {
			isa = PBXResourcesBuildPhase;
			buildActionMask = 2147483647;
			files = (
				7B3164AD1D3486E4009796E4 /* LaunchScreen.storyboard in Resources */,
				7B3164D41D378956009796E4 /* InfoPlist.strings in Resources */,
				7B3164AA1D3486E4009796E4 /* Assets.xcassets in Resources */,
				7B3164A81D3486E4009796E4 /* Main.storyboard in Resources */,
				7B74B50E1D4248660003FBEF /* NoDataView.xib in Resources */,
				7B465FF91D4C6708007888C5 /* GoogleService-Info.plist in Resources */,
			);
			runOnlyForDeploymentPostprocessing = 0;
		};
		7B3164B11D3486E4009796E4 /* Resources */ = {
			isa = PBXResourcesBuildPhase;
			buildActionMask = 2147483647;
			files = (
			);
			runOnlyForDeploymentPostprocessing = 0;
		};
		7B3164BC1D3486E4009796E4 /* Resources */ = {
			isa = PBXResourcesBuildPhase;
			buildActionMask = 2147483647;
			files = (
			);
			runOnlyForDeploymentPostprocessing = 0;
		};
/* End PBXResourcesBuildPhase section */

/* Begin PBXShellScriptBuildPhase section */
		3F553C0C1503A988887E87FB /* [CP] Copy Pods Resources */ = {
			isa = PBXShellScriptBuildPhase;
			buildActionMask = 2147483647;
			files = (
			);
			inputPaths = (
			);
			name = "[CP] Copy Pods Resources";
			outputPaths = (
			);
			runOnlyForDeploymentPostprocessing = 0;
			shellPath = /bin/sh;
			shellScript = "\"${SRCROOT}/Pods/Target Support Files/Pods-WhooLiteUITests/Pods-WhooLiteUITests-resources.sh\"\n";
			showEnvVarsInLog = 0;
		};
		63B3064783C360EEA584C333 /* [CP] Check Pods Manifest.lock */ = {
			isa = PBXShellScriptBuildPhase;
			buildActionMask = 2147483647;
			files = (
			);
			inputPaths = (
			);
			name = "[CP] Check Pods Manifest.lock";
			outputPaths = (
			);
			runOnlyForDeploymentPostprocessing = 0;
			shellPath = /bin/sh;
			shellScript = "diff \"${PODS_ROOT}/../Podfile.lock\" \"${PODS_ROOT}/Manifest.lock\" > /dev/null\nif [ $? != 0 ] ; then\n    # print error to STDERR\n    echo \"error: The sandbox is not in sync with the Podfile.lock. Run 'pod install' or update your CocoaPods installation.\" >&2\n    exit 1\nfi\n";
			showEnvVarsInLog = 0;
		};
		6622FC1E4FEF54233EB707E3 /* [CP] Copy Pods Resources */ = {
			isa = PBXShellScriptBuildPhase;
			buildActionMask = 2147483647;
			files = (
			);
			inputPaths = (
			);
			name = "[CP] Copy Pods Resources";
			outputPaths = (
			);
			runOnlyForDeploymentPostprocessing = 0;
			shellPath = /bin/sh;
			shellScript = "\"${SRCROOT}/Pods/Target Support Files/Pods-WhooLiteTests/Pods-WhooLiteTests-resources.sh\"\n";
			showEnvVarsInLog = 0;
		};
		74E265BD23DC3D93D503E661 /* [CP] Check Pods Manifest.lock */ = {
			isa = PBXShellScriptBuildPhase;
			buildActionMask = 2147483647;
			files = (
			);
			inputPaths = (
			);
			name = "[CP] Check Pods Manifest.lock";
			outputPaths = (
			);
			runOnlyForDeploymentPostprocessing = 0;
			shellPath = /bin/sh;
			shellScript = "diff \"${PODS_ROOT}/../Podfile.lock\" \"${PODS_ROOT}/Manifest.lock\" > /dev/null\nif [ $? != 0 ] ; then\n    # print error to STDERR\n    echo \"error: The sandbox is not in sync with the Podfile.lock. Run 'pod install' or update your CocoaPods installation.\" >&2\n    exit 1\nfi\n";
			showEnvVarsInLog = 0;
		};
		75DBE55391961C66E38A1822 /* [CP] Embed Pods Frameworks */ = {
			isa = PBXShellScriptBuildPhase;
			buildActionMask = 2147483647;
			files = (
			);
			inputPaths = (
			);
			name = "[CP] Embed Pods Frameworks";
			outputPaths = (
			);
			runOnlyForDeploymentPostprocessing = 0;
			shellPath = /bin/sh;
			shellScript = "\"${SRCROOT}/Pods/Target Support Files/Pods-WhooLite/Pods-WhooLite-frameworks.sh\"\n";
			showEnvVarsInLog = 0;
		};
		7C16469371BFD4B18A80F7CD /* [CP] Embed Pods Frameworks */ = {
			isa = PBXShellScriptBuildPhase;
			buildActionMask = 2147483647;
			files = (
			);
			inputPaths = (
			);
			name = "[CP] Embed Pods Frameworks";
			outputPaths = (
			);
			runOnlyForDeploymentPostprocessing = 0;
			shellPath = /bin/sh;
			shellScript = "\"${SRCROOT}/Pods/Target Support Files/Pods-WhooLiteUITests/Pods-WhooLiteUITests-frameworks.sh\"\n";
			showEnvVarsInLog = 0;
		};
		C7D41430757575538372F36A /* [CP] Copy Pods Resources */ = {
			isa = PBXShellScriptBuildPhase;
			buildActionMask = 2147483647;
			files = (
			);
			inputPaths = (
			);
			name = "[CP] Copy Pods Resources";
			outputPaths = (
			);
			runOnlyForDeploymentPostprocessing = 0;
			shellPath = /bin/sh;
			shellScript = "\"${SRCROOT}/Pods/Target Support Files/Pods-WhooLite/Pods-WhooLite-resources.sh\"\n";
			showEnvVarsInLog = 0;
		};
		D0AEE2A5DDC164FC6665CFCD /* [CP] Embed Pods Frameworks */ = {
			isa = PBXShellScriptBuildPhase;
			buildActionMask = 2147483647;
			files = (
			);
			inputPaths = (
			);
			name = "[CP] Embed Pods Frameworks";
			outputPaths = (
			);
			runOnlyForDeploymentPostprocessing = 0;
			shellPath = /bin/sh;
			shellScript = "\"${SRCROOT}/Pods/Target Support Files/Pods-WhooLiteTests/Pods-WhooLiteTests-frameworks.sh\"\n";
			showEnvVarsInLog = 0;
		};
		DDA4920D5CEEF1AB0A0E76B5 /* [CP] Check Pods Manifest.lock */ = {
			isa = PBXShellScriptBuildPhase;
			buildActionMask = 2147483647;
			files = (
			);
			inputPaths = (
			);
			name = "[CP] Check Pods Manifest.lock";
			outputPaths = (
			);
			runOnlyForDeploymentPostprocessing = 0;
			shellPath = /bin/sh;
			shellScript = "diff \"${PODS_ROOT}/../Podfile.lock\" \"${PODS_ROOT}/Manifest.lock\" > /dev/null\nif [ $? != 0 ] ; then\n    # print error to STDERR\n    echo \"error: The sandbox is not in sync with the Podfile.lock. Run 'pod install' or update your CocoaPods installation.\" >&2\n    exit 1\nfi\n";
			showEnvVarsInLog = 0;
		};
/* End PBXShellScriptBuildPhase section */

/* Begin PBXSourcesBuildPhase section */
		7B31649B1D3486E3009796E4 /* Sources */ = {
			isa = PBXSourcesBuildPhase;
			buildActionMask = 2147483647;
			files = (
				7B7CB2D71DD8DD53005228EF /* SelectFrequentlyInputSortOrderTableViewController.swift in Sources */,
				7B465FFB1D4E0756007888C5 /* Entry.swift in Sources */,
				7BC55BF41D7749EE00828F61 /* FrequentlyInputDetailViewController.swift in Sources */,
				7B3164F11D38A8F2009796E4 /* Section.swift in Sources */,
				7B75326E1D7B296200ABB451 /* DetailBaseViewController.swift in Sources */,
				7B299F851D3B9C6B00D51FF1 /* Account.swift in Sources */,
				7B51F59B1D54BE3100670B04 /* TextFieldTableViewCell.swift in Sources */,
				7B299F871D3BB9B200D51FF1 /* WhooLiteTabBarItemBaseTableViewController.swift in Sources */,
				7B3164D71D37F1C7009796E4 /* LoginViewController.swift in Sources */,
				7BC55BF21D77433700828F61 /* WithAdmobViewController.swift in Sources */,
				7B51F59D1D54DE6A00670B04 /* DetailBaseTableViewController.swift in Sources */,
				7B3164EC1D388692009796E4 /* WhooLiteViewController.swift in Sources */,
				7B8A0D361DBD2A47009A9706 /* BackgroundSearcher.swift in Sources */,
				7B299F8B1D3BBEF300D51FF1 /* FrequentlyInputTableViewController.swift in Sources */,
				7B3164EE1D3888D5009796E4 /* ManualViewController.swift in Sources */,
				7B51F59F1D54DE8B00670B04 /* FrequentlyInputDetailTableViewController.swift in Sources */,
				7BD84CD11DC3BAFC00645561 /* HistoryViewController.swift in Sources */,
				7B51F5A11D5751A500670B04 /* SelectableTableViewCell.swift in Sources */,
				7B75326C1D7B11F800ABB451 /* SelectSlotNumberTableViewController.swift in Sources */,
				7B74B5131D45113F0003FBEF /* InputBaseTableViewCell.swift in Sources */,
				7BD84CD31DC3BCDC00645561 /* HistoryTableViewController.swift in Sources */,
				7B7CB2D31DD86E66005228EF /* SettingsTableViewController.swift in Sources */,
				7BC55BF81D79E60000828F61 /* FrequentlyInputViewController.swift in Sources */,
				7B74B5111D44E30D0003FBEF /* FrequentlyInputTableViewCell.swift in Sources */,
				7B3164D91D37F569009796E4 /* WhooingKeyValues.swift in Sources */,
				7BCD93141D8BDDDA007ACC7D /* MemoTableViewCell.swift in Sources */,
				7B299F8D1D3BD23D00D51FF1 /* Notifications.swift in Sources */,
				7B7532701D7B4DC000ABB451 /* SelectAccountTableViewController.swift in Sources */,
				7B3BF3D41DCA5076004E10C9 /* HistoryDetailViewController.swift in Sources */,
				7B3164D21D3785FE009796E4 /* PreferenceKeys.swift in Sources */,
				7B3164EA1D38102A009796E4 /* WelcomeViewController.swift in Sources */,
				7B8A0D341DB37184009A9706 /* WhooLiteTabBarItemBaseViewController.swift in Sources */,
				7B465FFD1D4E0CD0007888C5 /* DataUtility.swift in Sources */,
				7B46AFB31DCF7D7E00173413 /* DatePickerTableViewCell.swift in Sources */,
				7B74B5151D452E740003FBEF /* SectionsTableViewController.swift in Sources */,
				7B3164A31D3486E4009796E4 /* AppDelegate.swift in Sources */,
				7B7CB2D51DD8D93F005228EF /* SelectShowSlotNumberTableViewController.swift in Sources */,
				7B3164F41D38B193009796E4 /* NetworkUtility.swift in Sources */,
				7B465FF71D4906A0007888C5 /* SoundSearcher.swift in Sources */,
				7B0FB3AD1DC7B41C0090D45E /* HistoryTableViewCell.swift in Sources */,
				7B74B50C1D4248530003FBEF /* NoDataView.swift in Sources */,
				7B3BF3D61DCA52CE004E10C9 /* HistoryDetailTableViewController.swift in Sources */,
				1BB3C06F1D7EEA3A0067088B /* ApiKeys.swift in Sources */,
				1B5A3AC71D3E197F007ACC4B /* FrequentItem.swift in Sources */,
			);
			runOnlyForDeploymentPostprocessing = 0;
		};
		7B3164AF1D3486E4009796E4 /* Sources */ = {
			isa = PBXSourcesBuildPhase;
			buildActionMask = 2147483647;
			files = (
				7B3164B81D3486E4009796E4 /* WhooLiteTests.swift in Sources */,
			);
			runOnlyForDeploymentPostprocessing = 0;
		};
		7B3164BA1D3486E4009796E4 /* Sources */ = {
			isa = PBXSourcesBuildPhase;
			buildActionMask = 2147483647;
			files = (
				7B3164C31D3486E4009796E4 /* WhooLiteUITests.swift in Sources */,
			);
			runOnlyForDeploymentPostprocessing = 0;
		};
/* End PBXSourcesBuildPhase section */

/* Begin PBXTargetDependency section */
		7B3164B51D3486E4009796E4 /* PBXTargetDependency */ = {
			isa = PBXTargetDependency;
			target = 7B31649E1D3486E3009796E4 /* WhooLite */;
			targetProxy = 7B3164B41D3486E4009796E4 /* PBXContainerItemProxy */;
		};
		7B3164C01D3486E4009796E4 /* PBXTargetDependency */ = {
			isa = PBXTargetDependency;
			target = 7B31649E1D3486E3009796E4 /* WhooLite */;
			targetProxy = 7B3164BF1D3486E4009796E4 /* PBXContainerItemProxy */;
		};
/* End PBXTargetDependency section */

/* Begin PBXVariantGroup section */
		7B3164A61D3486E4009796E4 /* Main.storyboard */ = {
			isa = PBXVariantGroup;
			children = (
				7B3164A71D3486E4009796E4 /* Base */,
			);
			name = Main.storyboard;
			sourceTree = "<group>";
		};
		7B3164AB1D3486E4009796E4 /* LaunchScreen.storyboard */ = {
			isa = PBXVariantGroup;
			children = (
				7B3164AC1D3486E4009796E4 /* Base */,
			);
			name = LaunchScreen.storyboard;
			sourceTree = "<group>";
		};
/* End PBXVariantGroup section */

/* Begin XCBuildConfiguration section */
		7B3164C51D3486E4009796E4 /* Debug */ = {
			isa = XCBuildConfiguration;
			buildSettings = {
				ALWAYS_SEARCH_USER_PATHS = NO;
				CLANG_ANALYZER_NONNULL = YES;
				CLANG_CXX_LANGUAGE_STANDARD = "gnu++0x";
				CLANG_CXX_LIBRARY = "libc++";
				CLANG_ENABLE_MODULES = YES;
				CLANG_ENABLE_OBJC_ARC = YES;
				CLANG_WARN_BOOL_CONVERSION = YES;
				CLANG_WARN_CONSTANT_CONVERSION = YES;
				CLANG_WARN_DIRECT_OBJC_ISA_USAGE = YES_ERROR;
				CLANG_WARN_EMPTY_BODY = YES;
				CLANG_WARN_ENUM_CONVERSION = YES;
				CLANG_WARN_INFINITE_RECURSION = YES;
				CLANG_WARN_INT_CONVERSION = YES;
				CLANG_WARN_OBJC_ROOT_CLASS = YES_ERROR;
				CLANG_WARN_SUSPICIOUS_MOVE = YES;
				CLANG_WARN_UNREACHABLE_CODE = YES;
				CLANG_WARN__DUPLICATE_METHOD_MATCH = YES;
				"CODE_SIGN_IDENTITY[sdk=iphoneos*]" = "iPhone Developer";
				COPY_PHASE_STRIP = NO;
				DEBUG_INFORMATION_FORMAT = dwarf;
				ENABLE_STRICT_OBJC_MSGSEND = YES;
				ENABLE_TESTABILITY = YES;
				GCC_C_LANGUAGE_STANDARD = gnu99;
				GCC_DYNAMIC_NO_PIC = NO;
				GCC_NO_COMMON_BLOCKS = YES;
				GCC_OPTIMIZATION_LEVEL = 0;
				GCC_PREPROCESSOR_DEFINITIONS = (
					"DEBUG=1",
					"$(inherited)",
				);
				GCC_WARN_64_TO_32_BIT_CONVERSION = YES;
				GCC_WARN_ABOUT_RETURN_TYPE = YES_ERROR;
				GCC_WARN_UNDECLARED_SELECTOR = YES;
				GCC_WARN_UNINITIALIZED_AUTOS = YES_AGGRESSIVE;
				GCC_WARN_UNUSED_FUNCTION = YES;
				GCC_WARN_UNUSED_VARIABLE = YES;
				IPHONEOS_DEPLOYMENT_TARGET = 9.0;
				MTL_ENABLE_DEBUG_INFO = YES;
				ONLY_ACTIVE_ARCH = YES;
				SDKROOT = iphoneos;
				SWIFT_OPTIMIZATION_LEVEL = "-Onone";
				TARGETED_DEVICE_FAMILY = "1,2";
			};
			name = Debug;
		};
		7B3164C61D3486E4009796E4 /* Release */ = {
			isa = XCBuildConfiguration;
			buildSettings = {
				ALWAYS_SEARCH_USER_PATHS = NO;
				CLANG_ANALYZER_NONNULL = YES;
				CLANG_CXX_LANGUAGE_STANDARD = "gnu++0x";
				CLANG_CXX_LIBRARY = "libc++";
				CLANG_ENABLE_MODULES = YES;
				CLANG_ENABLE_OBJC_ARC = YES;
				CLANG_WARN_BOOL_CONVERSION = YES;
				CLANG_WARN_CONSTANT_CONVERSION = YES;
				CLANG_WARN_DIRECT_OBJC_ISA_USAGE = YES_ERROR;
				CLANG_WARN_EMPTY_BODY = YES;
				CLANG_WARN_ENUM_CONVERSION = YES;
				CLANG_WARN_INFINITE_RECURSION = YES;
				CLANG_WARN_INT_CONVERSION = YES;
				CLANG_WARN_OBJC_ROOT_CLASS = YES_ERROR;
				CLANG_WARN_SUSPICIOUS_MOVE = YES;
				CLANG_WARN_UNREACHABLE_CODE = YES;
				CLANG_WARN__DUPLICATE_METHOD_MATCH = YES;
				"CODE_SIGN_IDENTITY[sdk=iphoneos*]" = "iPhone Developer";
				COPY_PHASE_STRIP = NO;
				DEBUG_INFORMATION_FORMAT = "dwarf-with-dsym";
				ENABLE_NS_ASSERTIONS = NO;
				ENABLE_STRICT_OBJC_MSGSEND = YES;
				GCC_C_LANGUAGE_STANDARD = gnu99;
				GCC_NO_COMMON_BLOCKS = YES;
				GCC_WARN_64_TO_32_BIT_CONVERSION = YES;
				GCC_WARN_ABOUT_RETURN_TYPE = YES_ERROR;
				GCC_WARN_UNDECLARED_SELECTOR = YES;
				GCC_WARN_UNINITIALIZED_AUTOS = YES_AGGRESSIVE;
				GCC_WARN_UNUSED_FUNCTION = YES;
				GCC_WARN_UNUSED_VARIABLE = YES;
				IPHONEOS_DEPLOYMENT_TARGET = 9.0;
				MTL_ENABLE_DEBUG_INFO = NO;
				SDKROOT = iphoneos;
				SWIFT_OPTIMIZATION_LEVEL = "-Owholemodule";
				TARGETED_DEVICE_FAMILY = "1,2";
				VALIDATE_PRODUCT = YES;
			};
			name = Release;
		};
		7B3164C81D3486E4009796E4 /* Debug */ = {
			isa = XCBuildConfiguration;
			baseConfigurationReference = 17D81DFAA2C8F32B6DB344F9 /* Pods-WhooLite.debug.xcconfig */;
			buildSettings = {
				ALWAYS_EMBED_SWIFT_STANDARD_LIBRARIES = YES;
				ASSETCATALOG_COMPILER_APPICON_NAME = AppIcon;
				CLANG_ENABLE_MODULES = YES;
				INFOPLIST_FILE = WhooLite/Info.plist;
				IPHONEOS_DEPLOYMENT_TARGET = 9.0;
				LD_RUNPATH_SEARCH_PATHS = "$(inherited) @executable_path/Frameworks";
				PRODUCT_BUNDLE_IDENTIFIER = com.younggeon.WhooLite;
				PRODUCT_NAME = "$(TARGET_NAME)";
				SWIFT_OBJC_BRIDGING_HEADER = "WhooLite/WhooLite-Bridging-Header.h";
				SWIFT_OPTIMIZATION_LEVEL = "-Onone";
				SWIFT_VERSION = 3.0;
			};
			name = Debug;
		};
		7B3164C91D3486E4009796E4 /* Release */ = {
			isa = XCBuildConfiguration;
			baseConfigurationReference = F7FA6F189419308CE60DF987 /* Pods-WhooLite.release.xcconfig */;
			buildSettings = {
				ALWAYS_EMBED_SWIFT_STANDARD_LIBRARIES = YES;
				ASSETCATALOG_COMPILER_APPICON_NAME = AppIcon;
				CLANG_ENABLE_MODULES = YES;
				INFOPLIST_FILE = WhooLite/Info.plist;
				IPHONEOS_DEPLOYMENT_TARGET = 9.0;
				LD_RUNPATH_SEARCH_PATHS = "$(inherited) @executable_path/Frameworks";
				PRODUCT_BUNDLE_IDENTIFIER = com.younggeon.WhooLite;
				PRODUCT_NAME = "$(TARGET_NAME)";
				SWIFT_OBJC_BRIDGING_HEADER = "WhooLite/WhooLite-Bridging-Header.h";
				SWIFT_VERSION = 3.0;
			};
			name = Release;
		};
		7B3164CB1D3486E4009796E4 /* Debug */ = {
			isa = XCBuildConfiguration;
			baseConfigurationReference = 72B04AC8B4E2374A355EE0C1 /* Pods-WhooLiteTests.debug.xcconfig */;
			buildSettings = {
				BUNDLE_LOADER = "$(TEST_HOST)";
				INFOPLIST_FILE = WhooLiteTests/Info.plist;
				LD_RUNPATH_SEARCH_PATHS = "$(inherited) @executable_path/Frameworks @loader_path/Frameworks";
				PRODUCT_BUNDLE_IDENTIFIER = com.younggeon.WhooLiteTests;
				PRODUCT_NAME = "$(TARGET_NAME)";
				SWIFT_VERSION = 3.0;
				TEST_HOST = "$(BUILT_PRODUCTS_DIR)/WhooLite.app/WhooLite";
			};
			name = Debug;
		};
		7B3164CC1D3486E4009796E4 /* Release */ = {
			isa = XCBuildConfiguration;
			baseConfigurationReference = FCF1AB8BA559B1ACC630B4F9 /* Pods-WhooLiteTests.release.xcconfig */;
			buildSettings = {
				BUNDLE_LOADER = "$(TEST_HOST)";
				INFOPLIST_FILE = WhooLiteTests/Info.plist;
				LD_RUNPATH_SEARCH_PATHS = "$(inherited) @executable_path/Frameworks @loader_path/Frameworks";
				PRODUCT_BUNDLE_IDENTIFIER = com.younggeon.WhooLiteTests;
				PRODUCT_NAME = "$(TARGET_NAME)";
				SWIFT_VERSION = 3.0;
				TEST_HOST = "$(BUILT_PRODUCTS_DIR)/WhooLite.app/WhooLite";
			};
			name = Release;
		};
		7B3164CE1D3486E4009796E4 /* Debug */ = {
			isa = XCBuildConfiguration;
			baseConfigurationReference = 76CE915F0C4E4F21381BE170 /* Pods-WhooLiteUITests.debug.xcconfig */;
			buildSettings = {
				INFOPLIST_FILE = WhooLiteUITests/Info.plist;
				LD_RUNPATH_SEARCH_PATHS = "$(inherited) @executable_path/Frameworks @loader_path/Frameworks";
				PRODUCT_BUNDLE_IDENTIFIER = com.younggeon.WhooLiteUITests;
				PRODUCT_NAME = "$(TARGET_NAME)";
				SWIFT_VERSION = 3.0;
				TEST_TARGET_NAME = WhooLite;
			};
			name = Debug;
		};
		7B3164CF1D3486E4009796E4 /* Release */ = {
			isa = XCBuildConfiguration;
			baseConfigurationReference = B44115AF61DEA10AE1AE255F /* Pods-WhooLiteUITests.release.xcconfig */;
			buildSettings = {
				INFOPLIST_FILE = WhooLiteUITests/Info.plist;
				LD_RUNPATH_SEARCH_PATHS = "$(inherited) @executable_path/Frameworks @loader_path/Frameworks";
				PRODUCT_BUNDLE_IDENTIFIER = com.younggeon.WhooLiteUITests;
				PRODUCT_NAME = "$(TARGET_NAME)";
				SWIFT_VERSION = 3.0;
				TEST_TARGET_NAME = WhooLite;
			};
			name = Release;
		};
/* End XCBuildConfiguration section */

/* Begin XCConfigurationList section */
		7B31649A1D3486E3009796E4 /* Build configuration list for PBXProject "WhooLite" */ = {
			isa = XCConfigurationList;
			buildConfigurations = (
				7B3164C51D3486E4009796E4 /* Debug */,
				7B3164C61D3486E4009796E4 /* Release */,
			);
			defaultConfigurationIsVisible = 0;
			defaultConfigurationName = Release;
		};
		7B3164C71D3486E4009796E4 /* Build configuration list for PBXNativeTarget "WhooLite" */ = {
			isa = XCConfigurationList;
			buildConfigurations = (
				7B3164C81D3486E4009796E4 /* Debug */,
				7B3164C91D3486E4009796E4 /* Release */,
			);
			defaultConfigurationIsVisible = 0;
			defaultConfigurationName = Release;
		};
		7B3164CA1D3486E4009796E4 /* Build configuration list for PBXNativeTarget "WhooLiteTests" */ = {
			isa = XCConfigurationList;
			buildConfigurations = (
				7B3164CB1D3486E4009796E4 /* Debug */,
				7B3164CC1D3486E4009796E4 /* Release */,
			);
			defaultConfigurationIsVisible = 0;
			defaultConfigurationName = Release;
		};
		7B3164CD1D3486E4009796E4 /* Build configuration list for PBXNativeTarget "WhooLiteUITests" */ = {
			isa = XCConfigurationList;
			buildConfigurations = (
				7B3164CE1D3486E4009796E4 /* Debug */,
				7B3164CF1D3486E4009796E4 /* Release */,
			);
			defaultConfigurationIsVisible = 0;
			defaultConfigurationName = Release;
		};
/* End XCConfigurationList section */
	};
	rootObject = 7B3164971D3486E3009796E4 /* Project object */;
}
